
Microsoft Visual Studio Solution File, Format Version 12.00
# Visual Studio Version 17
VisualStudioVersion = 17.10.35013.160
MinimumVisualStudioVersion = 10.0.40219.1
Project("{9A19103F-16F7-4668-BE54-9A1E7A4F7556}") = "MemoryMatch", "MemoryMatch\MemoryMatch.csproj", "{C3B5F87E-6C61-4DD8-A06F-19B4CFD43A16}"
EndProject
Global
	GlobalSection(SolutionConfigurationPlatforms) = preSolution
		Debug|Any CPU = Debug|Any CPU
		Release|Any CPU = Release|Any CPU
	EndGlobalSection
	GlobalSection(ProjectConfigurationPlatforms) = postSolution
		{C3B5F87E-6C61-4DD8-A06F-19B4CFD43A16}.Debug|Any CPU.ActiveCfg = Debug|Any CPU
		{C3B5F87E-6C61-4DD8-A06F-19B4CFD43A16}.Debug|Any CPU.Build.0 = Debug|Any CPU
		{C3B5F87E-6C61-4DD8-A06F-19B4CFD43A16}.Release|Any CPU.ActiveCfg = Release|Any CPU
		{C3B5F87E-6C61-4DD8-A06F-19B4CFD43A16}.Release|Any CPU.Build.0 = Release|Any CPU
	EndGlobalSection
	GlobalSection(SolutionProperties) = preSolution
		HideSolutionNode = FALSE
	EndGlobalSection
	GlobalSection(ExtensibilityGlobals) = postSolution
		SolutionGuid = {5AF0DCED-9658-47EF-86DC-D9BC0373D42D}
	EndGlobalSection
EndGlobal
